
Microsoft Visual Studio Solution File, Format Version 12.00
# Visual Studio Version 16
VisualStudioVersion = 16.0.29326.143
MinimumVisualStudioVersion = 10.0.40219.1
Project("{FAE04EC0-301F-11D3-BF4B-00C04F79EFBC}") = "Distance", "Distance.csproj", "{7F72E2A2-08C5-4822-8FCF-9132DD24026D}"
EndProject
Global
	GlobalSection(SolutionConfigurationPlatforms) = preSolution
		Debug|Any CPU = Debug|Any CPU
		Release|Any CPU = Release|Any CPU
	EndGlobalSection
	GlobalSection(ProjectConfigurationPlatforms) = postSolution
		{7F72E2A2-08C5-4822-8FCF-9132DD24026D}.Debug|Any CPU.ActiveCfg = Debug|Any CPU
		{7F72E2A2-08C5-4822-8FCF-9132DD24026D}.Debug|Any CPU.Build.0 = Debug|Any CPU
		{7F72E2A2-08C5-4822-8FCF-9132DD24026D}.Release|Any CPU.ActiveCfg = Release|Any CPU
		{7F72E2A2-08C5-4822-8FCF-9132DD24026D}.Release|Any CPU.Build.0 = Release|Any CPU
	EndGlobalSection
	GlobalSection(SolutionProperties) = preSolution
		HideSolutionNode = FALSE
	EndGlobalSection
	GlobalSection(ExtensibilityGlobals) = postSolution
		SolutionGuid = {942BE9A3-FF31-46CA-AFB9-3FB7BF490D0D}
	EndGlobalSection
EndGlobal
